
Microsoft Visual Studio Solution File, Format Version 12.00
# Visual Studio Version 17
VisualStudioVersion = 17.4.33213.308
MinimumVisualStudioVersion = 10.0.40219.1
Project("{9A19103F-16F7-4668-BE54-9A1E7A4F7556}") = "BookingWizard", "BookingWizard\BookingWizard.csproj", "{DF6C423E-39C1-4A44-B2AD-7C3F2856DF30}"
EndProject
Project("{9A19103F-16F7-4668-BE54-9A1E7A4F7556}") = "BookingWizard.BLL", "BookingWizard.BLL\BookingWizard.BLL.csproj", "{244E76C1-2C60-4672-B6B3-5EF931B459D8}"
EndProject
Project("{9A19103F-16F7-4668-BE54-9A1E7A4F7556}") = "BookingWizard.DAL", "BookingWizard.DAL\BookingWizard.DAL.csproj", "{6BF61108-2987-464E-8980-DDB4C4DC8015}"
EndProject
Project("{9A19103F-16F7-4668-BE54-9A1E7A4F7556}") = "BookingWizard.IdentityServer", "BookingWizard.IdentityServer1\BookingWizard.IdentityServer.csproj", "{E386FD19-7182-4815-B727-7EA854CE702C}"
EndProject
Global
	GlobalSection(SolutionConfigurationPlatforms) = preSolution
		Debug|Any CPU = Debug|Any CPU
		Release|Any CPU = Release|Any CPU
	EndGlobalSection
	GlobalSection(ProjectConfigurationPlatforms) = postSolution
		{DF6C423E-39C1-4A44-B2AD-7C3F2856DF30}.Debug|Any CPU.ActiveCfg = Debug|Any CPU
		{DF6C423E-39C1-4A44-B2AD-7C3F2856DF30}.Debug|Any CPU.Build.0 = Debug|Any CPU
		{DF6C423E-39C1-4A44-B2AD-7C3F2856DF30}.Release|Any CPU.ActiveCfg = Release|Any CPU
		{DF6C423E-39C1-4A44-B2AD-7C3F2856DF30}.Release|Any CPU.Build.0 = Release|Any CPU
		{244E76C1-2C60-4672-B6B3-5EF931B459D8}.Debug|Any CPU.ActiveCfg = Debug|Any CPU
		{244E76C1-2C60-4672-B6B3-5EF931B459D8}.Debug|Any CPU.Build.0 = Debug|Any CPU
		{244E76C1-2C60-4672-B6B3-5EF931B459D8}.Release|Any CPU.ActiveCfg = Release|Any CPU
		{244E76C1-2C60-4672-B6B3-5EF931B459D8}.Release|Any CPU.Build.0 = Release|Any CPU
		{6BF61108-2987-464E-8980-DDB4C4DC8015}.Debug|Any CPU.ActiveCfg = Debug|Any CPU
		{6BF61108-2987-464E-8980-DDB4C4DC8015}.Debug|Any CPU.Build.0 = Debug|Any CPU
		{6BF61108-2987-464E-8980-DDB4C4DC8015}.Release|Any CPU.ActiveCfg = Release|Any CPU
		{6BF61108-2987-464E-8980-DDB4C4DC8015}.Release|Any CPU.Build.0 = Release|Any CPU
		{E386FD19-7182-4815-B727-7EA854CE702C}.Debug|Any CPU.ActiveCfg = Debug|Any CPU
		{E386FD19-7182-4815-B727-7EA854CE702C}.Debug|Any CPU.Build.0 = Debug|Any CPU
		{E386FD19-7182-4815-B727-7EA854CE702C}.Release|Any CPU.ActiveCfg = Release|Any CPU
		{E386FD19-7182-4815-B727-7EA854CE702C}.Release|Any CPU.Build.0 = Release|Any CPU
	EndGlobalSection
	GlobalSection(SolutionProperties) = preSolution
		HideSolutionNode = FALSE
	EndGlobalSection
	GlobalSection(ExtensibilityGlobals) = postSolution
		SolutionGuid = {B28ED545-0CD6-43AA-BC8B-63915EB11E60}
	EndGlobalSection
EndGlobal
